
Microsoft Visual Studio Solution File, Format Version 12.00
# Visual Studio 2012
Project("{FAE04EC0-301F-11D3-BF4B-00C04F79EFBC}") = "出纳管理系统", "出纳管理系统\出纳管理系统.csproj", "{0D60DFB3-9C2E-45FE-B429-77942D88AB0C}"
EndProject
Global
	GlobalSection(SolutionConfigurationPlatforms) = preSolution
		Debug|Any CPU = Debug|Any CPU
		Release|Any CPU = Release|Any CPU
	EndGlobalSection
	GlobalSection(ProjectConfigurationPlatforms) = postSolution
		{0D60DFB3-9C2E-45FE-B429-77942D88AB0C}.Debug|Any CPU.ActiveCfg = Debug|Any CPU
		{0D60DFB3-9C2E-45FE-B429-77942D88AB0C}.Debug|Any CPU.Build.0 = Debug|Any CPU
		{0D60DFB3-9C2E-45FE-B429-77942D88AB0C}.Release|Any CPU.ActiveCfg = Release|Any CPU
		{0D60DFB3-9C2E-45FE-B429-77942D88AB0C}.Release|Any CPU.Build.0 = Release|Any CPU
	EndGlobalSection
	GlobalSection(SolutionProperties) = preSolution
		HideSolutionNode = FALSE
	EndGlobalSection
EndGlobal
